
Microsoft Visual Studio Solution File, Format Version 12.00
# Visual Studio Version 16
VisualStudioVersion = 16.0.30717.126
MinimumVisualStudioVersion = 10.0.40219.1
Project("{FAE04EC0-301F-11D3-BF4B-00C04F79EFBC}") = "Barker", "Barker\Barker.csproj", "{547BD8ED-BE02-48BD-9248-4793EAB96E67}"
EndProject
Project("{FAE04EC0-301F-11D3-BF4B-00C04F79EFBC}") = "Barker_API", "Barker_API\Barker_API.csproj", "{0296CCCD-AC76-4D88-8AF2-1BF1299DA261}"
EndProject
Global
	GlobalSection(SolutionConfigurationPlatforms) = preSolution
		Debug|Any CPU = Debug|Any CPU
		Release|Any CPU = Release|Any CPU
	EndGlobalSection
	GlobalSection(ProjectConfigurationPlatforms) = postSolution
		{547BD8ED-BE02-48BD-9248-4793EAB96E67}.Debug|Any CPU.ActiveCfg = Debug|Any CPU
		{547BD8ED-BE02-48BD-9248-4793EAB96E67}.Debug|Any CPU.Build.0 = Debug|Any CPU
		{547BD8ED-BE02-48BD-9248-4793EAB96E67}.Release|Any CPU.ActiveCfg = Release|Any CPU
		{547BD8ED-BE02-48BD-9248-4793EAB96E67}.Release|Any CPU.Build.0 = Release|Any CPU
		{0296CCCD-AC76-4D88-8AF2-1BF1299DA261}.Debug|Any CPU.ActiveCfg = Debug|Any CPU
		{0296CCCD-AC76-4D88-8AF2-1BF1299DA261}.Debug|Any CPU.Build.0 = Debug|Any CPU
		{0296CCCD-AC76-4D88-8AF2-1BF1299DA261}.Release|Any CPU.ActiveCfg = Release|Any CPU
		{0296CCCD-AC76-4D88-8AF2-1BF1299DA261}.Release|Any CPU.Build.0 = Release|Any CPU
	EndGlobalSection
	GlobalSection(SolutionProperties) = preSolution
		HideSolutionNode = FALSE
	EndGlobalSection
	GlobalSection(ExtensibilityGlobals) = postSolution
		SolutionGuid = {DE655275-20FE-414B-9DAA-8C0D94EA0721}
	EndGlobalSection
EndGlobal
